
Microsoft Visual Studio Solution File, Format Version 12.00
# Visual Studio Version 17
VisualStudioVersion = 17.13.35931.197 d17.13
MinimumVisualStudioVersion = 10.0.40219.1
Project("{FAE04EC0-301F-11D3-BF4B-00C04F79EFBC}") = "CRUDWITHRELATIONSHIPS", "CRUDWITHRELATIONSHIPS\CRUDWITHRELATIONSHIPS.csproj", "{C6D25F70-EFC0-48FE-8DCD-54A1DD184FDF}"
EndProject
Global
	GlobalSection(SolutionConfigurationPlatforms) = preSolution
		Debug|Any CPU = Debug|Any CPU
		Release|Any CPU = Release|Any CPU
	EndGlobalSection
	GlobalSection(ProjectConfigurationPlatforms) = postSolution
		{C6D25F70-EFC0-48FE-8DCD-54A1DD184FDF}.Debug|Any CPU.ActiveCfg = Debug|Any CPU
		{C6D25F70-EFC0-48FE-8DCD-54A1DD184FDF}.Debug|Any CPU.Build.0 = Debug|Any CPU
		{C6D25F70-EFC0-48FE-8DCD-54A1DD184FDF}.Release|Any CPU.ActiveCfg = Release|Any CPU
		{C6D25F70-EFC0-48FE-8DCD-54A1DD184FDF}.Release|Any CPU.Build.0 = Release|Any CPU
	EndGlobalSection
	GlobalSection(SolutionProperties) = preSolution
		HideSolutionNode = FALSE
	EndGlobalSection
	GlobalSection(ExtensibilityGlobals) = postSolution
		SolutionGuid = {7C2D2CBE-638C-42E9-8D4C-36DE12C7EB8B}
	EndGlobalSection
EndGlobal
