
Microsoft Visual Studio Solution File, Format Version 12.00
# Visual Studio Version 17
VisualStudioVersion = 17.13.35931.197 d17.13
MinimumVisualStudioVersion = 10.0.40219.1
Project("{FAE04EC0-301F-11D3-BF4B-00C04F79EFBC}") = "Day-7WebApp", "Day-7WebApp\Day-7WebApp.csproj", "{C7C25B28-5F73-4851-9F78-4CA0D0109E5C}"
EndProject
Global
	GlobalSection(SolutionConfigurationPlatforms) = preSolution
		Debug|Any CPU = Debug|Any CPU
		Release|Any CPU = Release|Any CPU
	EndGlobalSection
	GlobalSection(ProjectConfigurationPlatforms) = postSolution
		{C7C25B28-5F73-4851-9F78-4CA0D0109E5C}.Debug|Any CPU.ActiveCfg = Debug|Any CPU
		{C7C25B28-5F73-4851-9F78-4CA0D0109E5C}.Debug|Any CPU.Build.0 = Debug|Any CPU
		{C7C25B28-5F73-4851-9F78-4CA0D0109E5C}.Release|Any CPU.ActiveCfg = Release|Any CPU
		{C7C25B28-5F73-4851-9F78-4CA0D0109E5C}.Release|Any CPU.Build.0 = Release|Any CPU
	EndGlobalSection
	GlobalSection(SolutionProperties) = preSolution
		HideSolutionNode = FALSE
	EndGlobalSection
	GlobalSection(ExtensibilityGlobals) = postSolution
		SolutionGuid = {61BB1AF6-2D29-4237-9066-18D0638096B0}
	EndGlobalSection
EndGlobal
